
Microsoft Visual Studio Solution File, Format Version 12.00
# Visual Studio 15
VisualStudioVersion = 15.0.27004.2009
MinimumVisualStudioVersion = 10.0.40219.1
Project("{00D1A9C2-B5F0-4AF3-8072-F6C62B433612}") = "DataLayer.Database", "DataLayer.Database\DataLayer.Database.sqlproj", "{843E59CF-058E-4378-8B66-E8F79E3B3859}"
EndProject
Project("{FAE04EC0-301F-11D3-BF4B-00C04F79EFBC}") = "MinskForYou.Api", "MinskForYou.Api\MinskForYou.Api.csproj", "{C4D4941D-5E38-4BDC-B091-F307B0F01CBB}"
EndProject
Project("{FAE04EC0-301F-11D3-BF4B-00C04F79EFBC}") = "MinskForYou.Api.Tests", "MinskForYou.Api.Tests\MinskForYou.Api.Tests.csproj", "{990725A3-58D4-4953-906A-F64C0F469EB2}"
EndProject
Project("{FAE04EC0-301F-11D3-BF4B-00C04F79EFBC}") = "ORM", "ORM\ORM.csproj", "{D16D629A-17D3-49AE-A2D2-001C6E39BB37}"
EndProject
Project("{D954291E-2A0B-460D-934E-DC6B0785DB48}") = "AndroidClient", "AndroidClient\AndroidClient\AndroidClient.shproj", "{473BFE20-C220-4F58-A58D-ED887A570B50}"
EndProject
Project("{FAE04EC0-301F-11D3-BF4B-00C04F79EFBC}") = "AndroidClient.Android", "AndroidClient\AndroidClient.Android\AndroidClient.Android.csproj", "{BE2A07CD-298E-4CD6-BA0D-6DA2CA162819}"
EndProject
Project("{FAE04EC0-301F-11D3-BF4B-00C04F79EFBC}") = "AndroidClient.iOS", "AndroidClient\AndroidClient.iOS\AndroidClient.iOS.csproj", "{7373894D-2600-4B84-9A69-F0345AD85A54}"
EndProject
Project("{FAE04EC0-301F-11D3-BF4B-00C04F79EFBC}") = "AndroidClient.UWP", "AndroidClient\AndroidClient.UWP\AndroidClient.UWP.csproj", "{4E0C9DD5-4C37-4076-A7B7-B7E83DA185B9}"
EndProject
Global
	GlobalSection(SharedMSBuildProjectFiles) = preSolution
		AndroidClient\AndroidClient\AndroidClient.projitems*{473bfe20-c220-4f58-a58d-ed887a570b50}*SharedItemsImports = 13
		AndroidClient\AndroidClient\AndroidClient.projitems*{4e0c9dd5-4c37-4076-a7b7-b7e83da185b9}*SharedItemsImports = 4
		AndroidClient\AndroidClient\AndroidClient.projitems*{7373894d-2600-4b84-9a69-f0345ad85a54}*SharedItemsImports = 4
		AndroidClient\AndroidClient\AndroidClient.projitems*{be2a07cd-298e-4cd6-ba0d-6da2ca162819}*SharedItemsImports = 4
	EndGlobalSection
	GlobalSection(SolutionConfigurationPlatforms) = preSolution
		Ad-Hoc|Any CPU = Ad-Hoc|Any CPU
		Ad-Hoc|ARM = Ad-Hoc|ARM
		Ad-Hoc|iPhone = Ad-Hoc|iPhone
		Ad-Hoc|iPhoneSimulator = Ad-Hoc|iPhoneSimulator
		Ad-Hoc|x64 = Ad-Hoc|x64
		Ad-Hoc|x86 = Ad-Hoc|x86
		AppStore|Any CPU = AppStore|Any CPU
		AppStore|ARM = AppStore|ARM
		AppStore|iPhone = AppStore|iPhone
		AppStore|iPhoneSimulator = AppStore|iPhoneSimulator
		AppStore|x64 = AppStore|x64
		AppStore|x86 = AppStore|x86
		Debug|Any CPU = Debug|Any CPU
		Debug|ARM = Debug|ARM
		Debug|iPhone = Debug|iPhone
		Debug|iPhoneSimulator = Debug|iPhoneSimulator
		Debug|x64 = Debug|x64
		Debug|x86 = Debug|x86
		Release|Any CPU = Release|Any CPU
		Release|ARM = Release|ARM
		Release|iPhone = Release|iPhone
		Release|iPhoneSimulator = Release|iPhoneSimulator
		Release|x64 = Release|x64
		Release|x86 = Release|x86
	EndGlobalSection
	GlobalSection(ProjectConfigurationPlatforms) = postSolution
		{843E59CF-058E-4378-8B66-E8F79E3B3859}.Ad-Hoc|Any CPU.ActiveCfg = Release|Any CPU
		{843E59CF-058E-4378-8B66-E8F79E3B3859}.Ad-Hoc|Any CPU.Build.0 = Release|Any CPU
		{843E59CF-058E-4378-8B66-E8F79E3B3859}.Ad-Hoc|Any CPU.Deploy.0 = Release|Any CPU
		{843E59CF-058E-4378-8B66-E8F79E3B3859}.Ad-Hoc|ARM.ActiveCfg = Release|Any CPU
		{843E59CF-058E-4378-8B66-E8F79E3B3859}.Ad-Hoc|ARM.Build.0 = Release|Any CPU
		{843E59CF-058E-4378-8B66-E8F79E3B3859}.Ad-Hoc|ARM.Deploy.0 = Release|Any CPU
		{843E59CF-058E-4378-8B66-E8F79E3B3859}.Ad-Hoc|iPhone.ActiveCfg = Release|Any CPU
		{843E59CF-058E-4378-8B66-E8F79E3B3859}.Ad-Hoc|iPhone.Build.0 = Release|Any CPU
		{843E59CF-058E-4378-8B66-E8F79E3B3859}.Ad-Hoc|iPhone.Deploy.0 = Release|Any CPU
		{843E59CF-058E-4378-8B66-E8F79E3B3859}.Ad-Hoc|iPhoneSimulator.ActiveCfg = Release|Any CPU
		{843E59CF-058E-4378-8B66-E8F79E3B3859}.Ad-Hoc|iPhoneSimulator.Build.0 = Release|Any CPU
		{843E59CF-058E-4378-8B66-E8F79E3B3859}.Ad-Hoc|iPhoneSimulator.Deploy.0 = Release|Any CPU
		{843E59CF-058E-4378-8B66-E8F79E3B3859}.Ad-Hoc|x64.ActiveCfg = Release|Any CPU
		{843E59CF-058E-4378-8B66-E8F79E3B3859}.Ad-Hoc|x64.Build.0 = Release|Any CPU
		{843E59CF-058E-4378-8B66-E8F79E3B3859}.Ad-Hoc|x64.Deploy.0 = Release|Any CPU
		{843E59CF-058E-4378-8B66-E8F79E3B3859}.Ad-Hoc|x86.ActiveCfg = Release|Any CPU
		{843E59CF-058E-4378-8B66-E8F79E3B3859}.Ad-Hoc|x86.Build.0 = Release|Any CPU
		{843E59CF-058E-4378-8B66-E8F79E3B3859}.Ad-Hoc|x86.Deploy.0 = Release|Any CPU
		{843E59CF-058E-4378-8B66-E8F79E3B3859}.AppStore|Any CPU.ActiveCfg = Release|Any CPU
		{843E59CF-058E-4378-8B66-E8F79E3B3859}.AppStore|Any CPU.Build.0 = Release|Any CPU
		{843E59CF-058E-4378-8B66-E8F79E3B3859}.AppStore|Any CPU.Deploy.0 = Release|Any CPU
		{843E59CF-058E-4378-8B66-E8F79E3B3859}.AppStore|ARM.ActiveCfg = Release|Any CPU
		{843E59CF-058E-4378-8B66-E8F79E3B3859}.AppStore|ARM.Build.0 = Release|Any CPU
		{843E59CF-058E-4378-8B66-E8F79E3B3859}.AppStore|ARM.Deploy.0 = Release|Any CPU
		{843E59CF-058E-4378-8B66-E8F79E3B3859}.AppStore|iPhone.ActiveCfg = Release|Any CPU
		{843E59CF-058E-4378-8B66-E8F79E3B3859}.AppStore|iPhone.Build.0 = Release|Any CPU
		{843E59CF-058E-4378-8B66-E8F79E3B3859}.AppStore|iPhone.Deploy.0 = Release|Any CPU
		{843E59CF-058E-4378-8B66-E8F79E3B3859}.AppStore|iPhoneSimulator.ActiveCfg = Release|Any CPU
		{843E59CF-058E-4378-8B66-E8F79E3B3859}.AppStore|iPhoneSimulator.Build.0 = Release|Any CPU
		{843E59CF-058E-4378-8B66-E8F79E3B3859}.AppStore|iPhoneSimulator.Deploy.0 = Release|Any CPU
		{843E59CF-058E-4378-8B66-E8F79E3B3859}.AppStore|x64.ActiveCfg = Release|Any CPU
		{843E59CF-058E-4378-8B66-E8F79E3B3859}.AppStore|x64.Build.0 = Release|Any CPU
		{843E59CF-058E-4378-8B66-E8F79E3B3859}.AppStore|x64.Deploy.0 = Release|Any CPU
		{843E59CF-058E-4378-8B66-E8F79E3B3859}.AppStore|x86.ActiveCfg = Release|Any CPU
		{843E59CF-058E-4378-8B66-E8F79E3B3859}.AppStore|x86.Build.0 = Release|Any CPU
		{843E59CF-058E-4378-8B66-E8F79E3B3859}.AppStore|x86.Deploy.0 = Release|Any CPU
		{843E59CF-058E-4378-8B66-E8F79E3B3859}.Debug|Any CPU.ActiveCfg = Debug|Any CPU
		{843E59CF-058E-4378-8B66-E8F79E3B3859}.Debug|Any CPU.Build.0 = Debug|Any CPU
		{843E59CF-058E-4378-8B66-E8F79E3B3859}.Debug|Any CPU.Deploy.0 = Debug|Any CPU
		{843E59CF-058E-4378-8B66-E8F79E3B3859}.Debug|ARM.ActiveCfg = Debug|Any CPU
		{843E59CF-058E-4378-8B66-E8F79E3B3859}.Debug|ARM.Build.0 = Debug|Any CPU
		{843E59CF-058E-4378-8B66-E8F79E3B3859}.Debug|ARM.Deploy.0 = Debug|Any CPU
		{843E59CF-058E-4378-8B66-E8F79E3B3859}.Debug|iPhone.ActiveCfg = Debug|Any CPU
		{843E59CF-058E-4378-8B66-E8F79E3B3859}.Debug|iPhone.Build.0 = Debug|Any CPU
		{843E59CF-058E-4378-8B66-E8F79E3B3859}.Debug|iPhone.Deploy.0 = Debug|Any CPU
		{843E59CF-058E-4378-8B66-E8F79E3B3859}.Debug|iPhoneSimulator.ActiveCfg = Debug|Any CPU
		{843E59CF-058E-4378-8B66-E8F79E3B3859}.Debug|iPhoneSimulator.Build.0 = Debug|Any CPU
		{843E59CF-058E-4378-8B66-E8F79E3B3859}.Debug|iPhoneSimulator.Deploy.0 = Debug|Any CPU
		{843E59CF-058E-4378-8B66-E8F79E3B3859}.Debug|x64.ActiveCfg = Debug|Any CPU
		{843E59CF-058E-4378-8B66-E8F79E3B3859}.Debug|x64.Build.0 = Debug|Any CPU
		{843E59CF-058E-4378-8B66-E8F79E3B3859}.Debug|x64.Deploy.0 = Debug|Any CPU
		{843E59CF-058E-4378-8B66-E8F79E3B3859}.Debug|x86.ActiveCfg = Debug|Any CPU
		{843E59CF-058E-4378-8B66-E8F79E3B3859}.Debug|x86.Build.0 = Debug|Any CPU
		{843E59CF-058E-4378-8B66-E8F79E3B3859}.Debug|x86.Deploy.0 = Debug|Any CPU
		{843E59CF-058E-4378-8B66-E8F79E3B3859}.Release|Any CPU.ActiveCfg = Release|Any CPU
		{843E59CF-058E-4378-8B66-E8F79E3B3859}.Release|Any CPU.Build.0 = Release|Any CPU
		{843E59CF-058E-4378-8B66-E8F79E3B3859}.Release|Any CPU.Deploy.0 = Release|Any CPU
		{843E59CF-058E-4378-8B66-E8F79E3B3859}.Release|ARM.ActiveCfg = Release|Any CPU
		{843E59CF-058E-4378-8B66-E8F79E3B3859}.Release|ARM.Build.0 = Release|Any CPU
		{843E59CF-058E-4378-8B66-E8F79E3B3859}.Release|ARM.Deploy.0 = Release|Any CPU
		{843E59CF-058E-4378-8B66-E8F79E3B3859}.Release|iPhone.ActiveCfg = Release|Any CPU
		{843E59CF-058E-4378-8B66-E8F79E3B3859}.Release|iPhone.Build.0 = Release|Any CPU
		{843E59CF-058E-4378-8B66-E8F79E3B3859}.Release|iPhone.Deploy.0 = Release|Any CPU
		{843E59CF-058E-4378-8B66-E8F79E3B3859}.Release|iPhoneSimulator.ActiveCfg = Release|Any CPU
		{843E59CF-058E-4378-8B66-E8F79E3B3859}.Release|iPhoneSimulator.Build.0 = Release|Any CPU
		{843E59CF-058E-4378-8B66-E8F79E3B3859}.Release|iPhoneSimulator.Deploy.0 = Release|Any CPU
		{843E59CF-058E-4378-8B66-E8F79E3B3859}.Release|x64.ActiveCfg = Release|Any CPU
		{843E59CF-058E-4378-8B66-E8F79E3B3859}.Release|x64.Build.0 = Release|Any CPU
		{843E59CF-058E-4378-8B66-E8F79E3B3859}.Release|x64.Deploy.0 = Release|Any CPU
		{843E59CF-058E-4378-8B66-E8F79E3B3859}.Release|x86.ActiveCfg = Release|Any CPU
		{843E59CF-058E-4378-8B66-E8F79E3B3859}.Release|x86.Build.0 = Release|Any CPU
		{843E59CF-058E-4378-8B66-E8F79E3B3859}.Release|x86.Deploy.0 = Release|Any CPU
		{C4D4941D-5E38-4BDC-B091-F307B0F01CBB}.Ad-Hoc|Any CPU.ActiveCfg = Release|Any CPU
		{C4D4941D-5E38-4BDC-B091-F307B0F01CBB}.Ad-Hoc|Any CPU.Build.0 = Release|Any CPU
		{C4D4941D-5E38-4BDC-B091-F307B0F01CBB}.Ad-Hoc|ARM.ActiveCfg = Release|Any CPU
		{C4D4941D-5E38-4BDC-B091-F307B0F01CBB}.Ad-Hoc|ARM.Build.0 = Release|Any CPU
		{C4D4941D-5E38-4BDC-B091-F307B0F01CBB}.Ad-Hoc|iPhone.ActiveCfg = Release|Any CPU
		{C4D4941D-5E38-4BDC-B091-F307B0F01CBB}.Ad-Hoc|iPhone.Build.0 = Release|Any CPU
		{C4D4941D-5E38-4BDC-B091-F307B0F01CBB}.Ad-Hoc|iPhoneSimulator.ActiveCfg = Release|Any CPU
		{C4D4941D-5E38-4BDC-B091-F307B0F01CBB}.Ad-Hoc|iPhoneSimulator.Build.0 = Release|Any CPU
		{C4D4941D-5E38-4BDC-B091-F307B0F01CBB}.Ad-Hoc|x64.ActiveCfg = Release|Any CPU
		{C4D4941D-5E38-4BDC-B091-F307B0F01CBB}.Ad-Hoc|x64.Build.0 = Release|Any CPU
		{C4D4941D-5E38-4BDC-B091-F307B0F01CBB}.Ad-Hoc|x86.ActiveCfg = Release|Any CPU
		{C4D4941D-5E38-4BDC-B091-F307B0F01CBB}.Ad-Hoc|x86.Build.0 = Release|Any CPU
		{C4D4941D-5E38-4BDC-B091-F307B0F01CBB}.AppStore|Any CPU.ActiveCfg = Release|Any CPU
		{C4D4941D-5E38-4BDC-B091-F307B0F01CBB}.AppStore|Any CPU.Build.0 = Release|Any CPU
		{C4D4941D-5E38-4BDC-B091-F307B0F01CBB}.AppStore|ARM.ActiveCfg = Release|Any CPU
		{C4D4941D-5E38-4BDC-B091-F307B0F01CBB}.AppStore|ARM.Build.0 = Release|Any CPU
		{C4D4941D-5E38-4BDC-B091-F307B0F01CBB}.AppStore|iPhone.ActiveCfg = Release|Any CPU
		{C4D4941D-5E38-4BDC-B091-F307B0F01CBB}.AppStore|iPhone.Build.0 = Release|Any CPU
		{C4D4941D-5E38-4BDC-B091-F307B0F01CBB}.AppStore|iPhoneSimulator.ActiveCfg = Release|Any CPU
		{C4D4941D-5E38-4BDC-B091-F307B0F01CBB}.AppStore|iPhoneSimulator.Build.0 = Release|Any CPU
		{C4D4941D-5E38-4BDC-B091-F307B0F01CBB}.AppStore|x64.ActiveCfg = Release|Any CPU
		{C4D4941D-5E38-4BDC-B091-F307B0F01CBB}.AppStore|x64.Build.0 = Release|Any CPU
		{C4D4941D-5E38-4BDC-B091-F307B0F01CBB}.AppStore|x86.ActiveCfg = Release|Any CPU
		{C4D4941D-5E38-4BDC-B091-F307B0F01CBB}.AppStore|x86.Build.0 = Release|Any CPU
		{C4D4941D-5E38-4BDC-B091-F307B0F01CBB}.Debug|Any CPU.ActiveCfg = Debug|Any CPU
		{C4D4941D-5E38-4BDC-B091-F307B0F01CBB}.Debug|Any CPU.Build.0 = Debug|Any CPU
		{C4D4941D-5E38-4BDC-B091-F307B0F01CBB}.Debug|ARM.ActiveCfg = Debug|Any CPU
		{C4D4941D-5E38-4BDC-B091-F307B0F01CBB}.Debug|ARM.Build.0 = Debug|Any CPU
		{C4D4941D-5E38-4BDC-B091-F307B0F01CBB}.Debug|iPhone.ActiveCfg = Debug|Any CPU
		{C4D4941D-5E38-4BDC-B091-F307B0F01CBB}.Debug|iPhone.Build.0 = Debug|Any CPU
		{C4D4941D-5E38-4BDC-B091-F307B0F01CBB}.Debug|iPhoneSimulator.ActiveCfg = Debug|Any CPU
		{C4D4941D-5E38-4BDC-B091-F307B0F01CBB}.Debug|iPhoneSimulator.Build.0 = Debug|Any CPU
		{C4D4941D-5E38-4BDC-B091-F307B0F01CBB}.Debug|x64.ActiveCfg = Debug|Any CPU
		{C4D4941D-5E38-4BDC-B091-F307B0F01CBB}.Debug|x64.Build.0 = Debug|Any CPU
		{C4D4941D-5E38-4BDC-B091-F307B0F01CBB}.Debug|x86.ActiveCfg = Debug|Any CPU
		{C4D4941D-5E38-4BDC-B091-F307B0F01CBB}.Debug|x86.Build.0 = Debug|Any CPU
		{C4D4941D-5E38-4BDC-B091-F307B0F01CBB}.Release|Any CPU.ActiveCfg = Release|Any CPU
		{C4D4941D-5E38-4BDC-B091-F307B0F01CBB}.Release|Any CPU.Build.0 = Release|Any CPU
		{C4D4941D-5E38-4BDC-B091-F307B0F01CBB}.Release|ARM.ActiveCfg = Release|Any CPU
		{C4D4941D-5E38-4BDC-B091-F307B0F01CBB}.Release|ARM.Build.0 = Release|Any CPU
		{C4D4941D-5E38-4BDC-B091-F307B0F01CBB}.Release|iPhone.ActiveCfg = Release|Any CPU
		{C4D4941D-5E38-4BDC-B091-F307B0F01CBB}.Release|iPhone.Build.0 = Release|Any CPU
		{C4D4941D-5E38-4BDC-B091-F307B0F01CBB}.Release|iPhoneSimulator.ActiveCfg = Release|Any CPU
		{C4D4941D-5E38-4BDC-B091-F307B0F01CBB}.Release|iPhoneSimulator.Build.0 = Release|Any CPU
		{C4D4941D-5E38-4BDC-B091-F307B0F01CBB}.Release|x64.ActiveCfg = Release|Any CPU
		{C4D4941D-5E38-4BDC-B091-F307B0F01CBB}.Release|x64.Build.0 = Release|Any CPU
		{C4D4941D-5E38-4BDC-B091-F307B0F01CBB}.Release|x86.ActiveCfg = Release|Any CPU
		{C4D4941D-5E38-4BDC-B091-F307B0F01CBB}.Release|x86.Build.0 = Release|Any CPU
		{990725A3-58D4-4953-906A-F64C0F469EB2}.Ad-Hoc|Any CPU.ActiveCfg = Release|Any CPU
		{990725A3-58D4-4953-906A-F64C0F469EB2}.Ad-Hoc|Any CPU.Build.0 = Release|Any CPU
		{990725A3-58D4-4953-906A-F64C0F469EB2}.Ad-Hoc|ARM.ActiveCfg = Release|Any CPU
		{990725A3-58D4-4953-906A-F64C0F469EB2}.Ad-Hoc|ARM.Build.0 = Release|Any CPU
		{990725A3-58D4-4953-906A-F64C0F469EB2}.Ad-Hoc|iPhone.ActiveCfg = Release|Any CPU
		{990725A3-58D4-4953-906A-F64C0F469EB2}.Ad-Hoc|iPhone.Build.0 = Release|Any CPU
		{990725A3-58D4-4953-906A-F64C0F469EB2}.Ad-Hoc|iPhoneSimulator.ActiveCfg = Release|Any CPU
		{990725A3-58D4-4953-906A-F64C0F469EB2}.Ad-Hoc|iPhoneSimulator.Build.0 = Release|Any CPU
		{990725A3-58D4-4953-906A-F64C0F469EB2}.Ad-Hoc|x64.ActiveCfg = Release|Any CPU
		{990725A3-58D4-4953-906A-F64C0F469EB2}.Ad-Hoc|x64.Build.0 = Release|Any CPU
		{990725A3-58D4-4953-906A-F64C0F469EB2}.Ad-Hoc|x86.ActiveCfg = Release|Any CPU
		{990725A3-58D4-4953-906A-F64C0F469EB2}.Ad-Hoc|x86.Build.0 = Release|Any CPU
		{990725A3-58D4-4953-906A-F64C0F469EB2}.AppStore|Any CPU.ActiveCfg = Release|Any CPU
		{990725A3-58D4-4953-906A-F64C0F469EB2}.AppStore|Any CPU.Build.0 = Release|Any CPU
		{990725A3-58D4-4953-906A-F64C0F469EB2}.AppStore|ARM.ActiveCfg = Release|Any CPU
		{990725A3-58D4-4953-906A-F64C0F469EB2}.AppStore|ARM.Build.0 = Release|Any CPU
		{990725A3-58D4-4953-906A-F64C0F469EB2}.AppStore|iPhone.ActiveCfg = Release|Any CPU
		{990725A3-58D4-4953-906A-F64C0F469EB2}.AppStore|iPhone.Build.0 = Release|Any CPU
		{990725A3-58D4-4953-906A-F64C0F469EB2}.AppStore|iPhoneSimulator.ActiveCfg = Release|Any CPU
		{990725A3-58D4-4953-906A-F64C0F469EB2}.AppStore|iPhoneSimulator.Build.0 = Release|Any CPU
		{990725A3-58D4-4953-906A-F64C0F469EB2}.AppStore|x64.ActiveCfg = Release|Any CPU
		{990725A3-58D4-4953-906A-F64C0F469EB2}.AppStore|x64.Build.0 = Release|Any CPU
		{990725A3-58D4-4953-906A-F64C0F469EB2}.AppStore|x86.ActiveCfg = Release|Any CPU
		{990725A3-58D4-4953-906A-F64C0F469EB2}.AppStore|x86.Build.0 = Release|Any CPU
		{990725A3-58D4-4953-906A-F64C0F469EB2}.Debug|Any CPU.ActiveCfg = Debug|Any CPU
		{990725A3-58D4-4953-906A-F64C0F469EB2}.Debug|Any CPU.Build.0 = Debug|Any CPU
		{990725A3-58D4-4953-906A-F64C0F469EB2}.Debug|ARM.ActiveCfg = Debug|Any CPU
		{990725A3-58D4-4953-906A-F64C0F469EB2}.Debug|ARM.Build.0 = Debug|Any CPU
		{990725A3-58D4-4953-906A-F64C0F469EB2}.Debug|iPhone.ActiveCfg = Debug|Any CPU
		{990725A3-58D4-4953-906A-F64C0F469EB2}.Debug|iPhone.Build.0 = Debug|Any CPU
		{990725A3-58D4-4953-906A-F64C0F469EB2}.Debug|iPhoneSimulator.ActiveCfg = Debug|Any CPU
		{990725A3-58D4-4953-906A-F64C0F469EB2}.Debug|iPhoneSimulator.Build.0 = Debug|Any CPU
		{990725A3-58D4-4953-906A-F64C0F469EB2}.Debug|x64.ActiveCfg = Debug|Any CPU
		{990725A3-58D4-4953-906A-F64C0F469EB2}.Debug|x64.Build.0 = Debug|Any CPU
		{990725A3-58D4-4953-906A-F64C0F469EB2}.Debug|x86.ActiveCfg = Debug|Any CPU
		{990725A3-58D4-4953-906A-F64C0F469EB2}.Debug|x86.Build.0 = Debug|Any CPU
		{990725A3-58D4-4953-906A-F64C0F469EB2}.Release|Any CPU.ActiveCfg = Release|Any CPU
		{990725A3-58D4-4953-906A-F64C0F469EB2}.Release|Any CPU.Build.0 = Release|Any CPU
		{990725A3-58D4-4953-906A-F64C0F469EB2}.Release|ARM.ActiveCfg = Release|Any CPU
		{990725A3-58D4-4953-906A-F64C0F469EB2}.Release|ARM.Build.0 = Release|Any CPU
		{990725A3-58D4-4953-906A-F64C0F469EB2}.Release|iPhone.ActiveCfg = Release|Any CPU
		{990725A3-58D4-4953-906A-F64C0F469EB2}.Release|iPhone.Build.0 = Release|Any CPU
		{990725A3-58D4-4953-906A-F64C0F469EB2}.Release|iPhoneSimulator.ActiveCfg = Release|Any CPU
		{990725A3-58D4-4953-906A-F64C0F469EB2}.Release|iPhoneSimulator.Build.0 = Release|Any CPU
		{990725A3-58D4-4953-906A-F64C0F469EB2}.Release|x64.ActiveCfg = Release|Any CPU
		{990725A3-58D4-4953-906A-F64C0F469EB2}.Release|x64.Build.0 = Release|Any CPU
		{990725A3-58D4-4953-906A-F64C0F469EB2}.Release|x86.ActiveCfg = Release|Any CPU
		{990725A3-58D4-4953-906A-F64C0F469EB2}.Release|x86.Build.0 = Release|Any CPU
		{D16D629A-17D3-49AE-A2D2-001C6E39BB37}.Ad-Hoc|Any CPU.ActiveCfg = Release|Any CPU
		{D16D629A-17D3-49AE-A2D2-001C6E39BB37}.Ad-Hoc|Any CPU.Build.0 = Release|Any CPU
		{D16D629A-17D3-49AE-A2D2-001C6E39BB37}.Ad-Hoc|ARM.ActiveCfg = Release|Any CPU
		{D16D629A-17D3-49AE-A2D2-001C6E39BB37}.Ad-Hoc|ARM.Build.0 = Release|Any CPU
		{D16D629A-17D3-49AE-A2D2-001C6E39BB37}.Ad-Hoc|iPhone.ActiveCfg = Release|Any CPU
		{D16D629A-17D3-49AE-A2D2-001C6E39BB37}.Ad-Hoc|iPhone.Build.0 = Release|Any CPU
		{D16D629A-17D3-49AE-A2D2-001C6E39BB37}.Ad-Hoc|iPhoneSimulator.ActiveCfg = Release|Any CPU
		{D16D629A-17D3-49AE-A2D2-001C6E39BB37}.Ad-Hoc|iPhoneSimulator.Build.0 = Release|Any CPU
		{D16D629A-17D3-49AE-A2D2-001C6E39BB37}.Ad-Hoc|x64.ActiveCfg = Release|Any CPU
		{D16D629A-17D3-49AE-A2D2-001C6E39BB37}.Ad-Hoc|x64.Build.0 = Release|Any CPU
		{D16D629A-17D3-49AE-A2D2-001C6E39BB37}.Ad-Hoc|x86.ActiveCfg = Release|Any CPU
		{D16D629A-17D3-49AE-A2D2-001C6E39BB37}.Ad-Hoc|x86.Build.0 = Release|Any CPU
		{D16D629A-17D3-49AE-A2D2-001C6E39BB37}.AppStore|Any CPU.ActiveCfg = Release|Any CPU
		{D16D629A-17D3-49AE-A2D2-001C6E39BB37}.AppStore|Any CPU.Build.0 = Release|Any CPU
		{D16D629A-17D3-49AE-A2D2-001C6E39BB37}.AppStore|ARM.ActiveCfg = Release|Any CPU
		{D16D629A-17D3-49AE-A2D2-001C6E39BB37}.AppStore|ARM.Build.0 = Release|Any CPU
		{D16D629A-17D3-49AE-A2D2-001C6E39BB37}.AppStore|iPhone.ActiveCfg = Release|Any CPU
		{D16D629A-17D3-49AE-A2D2-001C6E39BB37}.AppStore|iPhone.Build.0 = Release|Any CPU
		{D16D629A-17D3-49AE-A2D2-001C6E39BB37}.AppStore|iPhoneSimulator.ActiveCfg = Release|Any CPU
		{D16D629A-17D3-49AE-A2D2-001C6E39BB37}.AppStore|iPhoneSimulator.Build.0 = Release|Any CPU
		{D16D629A-17D3-49AE-A2D2-001C6E39BB37}.AppStore|x64.ActiveCfg = Release|Any CPU
		{D16D629A-17D3-49AE-A2D2-001C6E39BB37}.AppStore|x64.Build.0 = Release|Any CPU
		{D16D629A-17D3-49AE-A2D2-001C6E39BB37}.AppStore|x86.ActiveCfg = Release|Any CPU
		{D16D629A-17D3-49AE-A2D2-001C6E39BB37}.AppStore|x86.Build.0 = Release|Any CPU
		{D16D629A-17D3-49AE-A2D2-001C6E39BB37}.Debug|Any CPU.ActiveCfg = Debug|Any CPU
		{D16D629A-17D3-49AE-A2D2-001C6E39BB37}.Debug|Any CPU.Build.0 = Debug|Any CPU
		{D16D629A-17D3-49AE-A2D2-001C6E39BB37}.Debug|ARM.ActiveCfg = Debug|Any CPU
		{D16D629A-17D3-49AE-A2D2-001C6E39BB37}.Debug|ARM.Build.0 = Debug|Any CPU
		{D16D629A-17D3-49AE-A2D2-001C6E39BB37}.Debug|iPhone.ActiveCfg = Debug|Any CPU
		{D16D629A-17D3-49AE-A2D2-001C6E39BB37}.Debug|iPhone.Build.0 = Debug|Any CPU
		{D16D629A-17D3-49AE-A2D2-001C6E39BB37}.Debug|iPhoneSimulator.ActiveCfg = Debug|Any CPU
		{D16D629A-17D3-49AE-A2D2-001C6E39BB37}.Debug|iPhoneSimulator.Build.0 = Debug|Any CPU
		{D16D629A-17D3-49AE-A2D2-001C6E39BB37}.Debug|x64.ActiveCfg = Debug|Any CPU
		{D16D629A-17D3-49AE-A2D2-001C6E39BB37}.Debug|x64.Build.0 = Debug|Any CPU
		{D16D629A-17D3-49AE-A2D2-001C6E39BB37}.Debug|x86.ActiveCfg = Debug|Any CPU
		{D16D629A-17D3-49AE-A2D2-001C6E39BB37}.Debug|x86.Build.0 = Debug|Any CPU
		{D16D629A-17D3-49AE-A2D2-001C6E39BB37}.Release|Any CPU.ActiveCfg = Release|Any CPU
		{D16D629A-17D3-49AE-A2D2-001C6E39BB37}.Release|Any CPU.Build.0 = Release|Any CPU
		{D16D629A-17D3-49AE-A2D2-001C6E39BB37}.Release|ARM.ActiveCfg = Release|Any CPU
		{D16D629A-17D3-49AE-A2D2-001C6E39BB37}.Release|ARM.Build.0 = Release|Any CPU
		{D16D629A-17D3-49AE-A2D2-001C6E39BB37}.Release|iPhone.ActiveCfg = Release|Any CPU
		{D16D629A-17D3-49AE-A2D2-001C6E39BB37}.Release|iPhone.Build.0 = Release|Any CPU
		{D16D629A-17D3-49AE-A2D2-001C6E39BB37}.Release|iPhoneSimulator.ActiveCfg = Release|Any CPU
		{D16D629A-17D3-49AE-A2D2-001C6E39BB37}.Release|iPhoneSimulator.Build.0 = Release|Any CPU
		{D16D629A-17D3-49AE-A2D2-001C6E39BB37}.Release|x64.ActiveCfg = Release|Any CPU
		{D16D629A-17D3-49AE-A2D2-001C6E39BB37}.Release|x64.Build.0 = Release|Any CPU
		{D16D629A-17D3-49AE-A2D2-001C6E39BB37}.Release|x86.ActiveCfg = Release|Any CPU
		{D16D629A-17D3-49AE-A2D2-001C6E39BB37}.Release|x86.Build.0 = Release|Any CPU
		{BE2A07CD-298E-4CD6-BA0D-6DA2CA162819}.Ad-Hoc|Any CPU.ActiveCfg = Release|Any CPU
		{BE2A07CD-298E-4CD6-BA0D-6DA2CA162819}.Ad-Hoc|Any CPU.Build.0 = Release|Any CPU
		{BE2A07CD-298E-4CD6-BA0D-6DA2CA162819}.Ad-Hoc|Any CPU.Deploy.0 = Release|Any CPU
		{BE2A07CD-298E-4CD6-BA0D-6DA2CA162819}.Ad-Hoc|ARM.ActiveCfg = Release|Any CPU
		{BE2A07CD-298E-4CD6-BA0D-6DA2CA162819}.Ad-Hoc|ARM.Build.0 = Release|Any CPU
		{BE2A07CD-298E-4CD6-BA0D-6DA2CA162819}.Ad-Hoc|ARM.Deploy.0 = Release|Any CPU
		{BE2A07CD-298E-4CD6-BA0D-6DA2CA162819}.Ad-Hoc|iPhone.ActiveCfg = Release|Any CPU
		{BE2A07CD-298E-4CD6-BA0D-6DA2CA162819}.Ad-Hoc|iPhone.Build.0 = Release|Any CPU
		{BE2A07CD-298E-4CD6-BA0D-6DA2CA162819}.Ad-Hoc|iPhone.Deploy.0 = Release|Any CPU
		{BE2A07CD-298E-4CD6-BA0D-6DA2CA162819}.Ad-Hoc|iPhoneSimulator.ActiveCfg = Release|Any CPU
		{BE2A07CD-298E-4CD6-BA0D-6DA2CA162819}.Ad-Hoc|iPhoneSimulator.Build.0 = Release|Any CPU
		{BE2A07CD-298E-4CD6-BA0D-6DA2CA162819}.Ad-Hoc|iPhoneSimulator.Deploy.0 = Release|Any CPU
		{BE2A07CD-298E-4CD6-BA0D-6DA2CA162819}.Ad-Hoc|x64.ActiveCfg = Release|Any CPU
		{BE2A07CD-298E-4CD6-BA0D-6DA2CA162819}.Ad-Hoc|x64.Build.0 = Release|Any CPU
		{BE2A07CD-298E-4CD6-BA0D-6DA2CA162819}.Ad-Hoc|x64.Deploy.0 = Release|Any CPU
		{BE2A07CD-298E-4CD6-BA0D-6DA2CA162819}.Ad-Hoc|x86.ActiveCfg = Release|Any CPU
		{BE2A07CD-298E-4CD6-BA0D-6DA2CA162819}.Ad-Hoc|x86.Build.0 = Release|Any CPU
		{BE2A07CD-298E-4CD6-BA0D-6DA2CA162819}.Ad-Hoc|x86.Deploy.0 = Release|Any CPU
		{BE2A07CD-298E-4CD6-BA0D-6DA2CA162819}.AppStore|Any CPU.ActiveCfg = Release|Any CPU
		{BE2A07CD-298E-4CD6-BA0D-6DA2CA162819}.AppStore|Any CPU.Build.0 = Release|Any CPU
		{BE2A07CD-298E-4CD6-BA0D-6DA2CA162819}.AppStore|Any CPU.Deploy.0 = Release|Any CPU
		{BE2A07CD-298E-4CD6-BA0D-6DA2CA162819}.AppStore|ARM.ActiveCfg = Release|Any CPU
		{BE2A07CD-298E-4CD6-BA0D-6DA2CA162819}.AppStore|ARM.Build.0 = Release|Any CPU
		{BE2A07CD-298E-4CD6-BA0D-6DA2CA162819}.AppStore|ARM.Deploy.0 = Release|Any CPU
		{BE2A07CD-298E-4CD6-BA0D-6DA2CA162819}.AppStore|iPhone.ActiveCfg = Release|Any CPU
		{BE2A07CD-298E-4CD6-BA0D-6DA2CA162819}.AppStore|iPhone.Build.0 = Release|Any CPU
		{BE2A07CD-298E-4CD6-BA0D-6DA2CA162819}.AppStore|iPhone.Deploy.0 = Release|Any CPU
		{BE2A07CD-298E-4CD6-BA0D-6DA2CA162819}.AppStore|iPhoneSimulator.ActiveCfg = Release|Any CPU
		{BE2A07CD-298E-4CD6-BA0D-6DA2CA162819}.AppStore|iPhoneSimulator.Build.0 = Release|Any CPU
		{BE2A07CD-298E-4CD6-BA0D-6DA2CA162819}.AppStore|iPhoneSimulator.Deploy.0 = Release|Any CPU
		{BE2A07CD-298E-4CD6-BA0D-6DA2CA162819}.AppStore|x64.ActiveCfg = Release|Any CPU
		{BE2A07CD-298E-4CD6-BA0D-6DA2CA162819}.AppStore|x64.Build.0 = Release|Any CPU
		{BE2A07CD-298E-4CD6-BA0D-6DA2CA162819}.AppStore|x64.Deploy.0 = Release|Any CPU
		{BE2A07CD-298E-4CD6-BA0D-6DA2CA162819}.AppStore|x86.ActiveCfg = Release|Any CPU
		{BE2A07CD-298E-4CD6-BA0D-6DA2CA162819}.AppStore|x86.Build.0 = Release|Any CPU
		{BE2A07CD-298E-4CD6-BA0D-6DA2CA162819}.AppStore|x86.Deploy.0 = Release|Any CPU
		{BE2A07CD-298E-4CD6-BA0D-6DA2CA162819}.Debug|Any CPU.ActiveCfg = Debug|Any CPU
		{BE2A07CD-298E-4CD6-BA0D-6DA2CA162819}.Debug|Any CPU.Build.0 = Debug|Any CPU
		{BE2A07CD-298E-4CD6-BA0D-6DA2CA162819}.Debug|Any CPU.Deploy.0 = Debug|Any CPU
		{BE2A07CD-298E-4CD6-BA0D-6DA2CA162819}.Debug|ARM.ActiveCfg = Debug|Any CPU
		{BE2A07CD-298E-4CD6-BA0D-6DA2CA162819}.Debug|ARM.Build.0 = Debug|Any CPU
		{BE2A07CD-298E-4CD6-BA0D-6DA2CA162819}.Debug|ARM.Deploy.0 = Debug|Any CPU
		{BE2A07CD-298E-4CD6-BA0D-6DA2CA162819}.Debug|iPhone.ActiveCfg = Debug|Any CPU
		{BE2A07CD-298E-4CD6-BA0D-6DA2CA162819}.Debug|iPhone.Build.0 = Debug|Any CPU
		{BE2A07CD-298E-4CD6-BA0D-6DA2CA162819}.Debug|iPhone.Deploy.0 = Debug|Any CPU
		{BE2A07CD-298E-4CD6-BA0D-6DA2CA162819}.Debug|iPhoneSimulator.ActiveCfg = Debug|Any CPU
		{BE2A07CD-298E-4CD6-BA0D-6DA2CA162819}.Debug|iPhoneSimulator.Build.0 = Debug|Any CPU
		{BE2A07CD-298E-4CD6-BA0D-6DA2CA162819}.Debug|iPhoneSimulator.Deploy.0 = Debug|Any CPU
		{BE2A07CD-298E-4CD6-BA0D-6DA2CA162819}.Debug|x64.ActiveCfg = Debug|Any CPU
		{BE2A07CD-298E-4CD6-BA0D-6DA2CA162819}.Debug|x64.Build.0 = Debug|Any CPU
		{BE2A07CD-298E-4CD6-BA0D-6DA2CA162819}.Debug|x64.Deploy.0 = Debug|Any CPU
		{BE2A07CD-298E-4CD6-BA0D-6DA2CA162819}.Debug|x86.ActiveCfg = Debug|Any CPU
		{BE2A07CD-298E-4CD6-BA0D-6DA2CA162819}.Debug|x86.Build.0 = Debug|Any CPU
		{BE2A07CD-298E-4CD6-BA0D-6DA2CA162819}.Debug|x86.Deploy.0 = Debug|Any CPU
		{BE2A07CD-298E-4CD6-BA0D-6DA2CA162819}.Release|Any CPU.ActiveCfg = Release|Any CPU
		{BE2A07CD-298E-4CD6-BA0D-6DA2CA162819}.Release|Any CPU.Build.0 = Release|Any CPU
		{BE2A07CD-298E-4CD6-BA0D-6DA2CA162819}.Release|Any CPU.Deploy.0 = Release|Any CPU
		{BE2A07CD-298E-4CD6-BA0D-6DA2CA162819}.Release|ARM.ActiveCfg = Release|Any CPU
		{BE2A07CD-298E-4CD6-BA0D-6DA2CA162819}.Release|ARM.Build.0 = Release|Any CPU
		{BE2A07CD-298E-4CD6-BA0D-6DA2CA162819}.Release|ARM.Deploy.0 = Release|Any CPU
		{BE2A07CD-298E-4CD6-BA0D-6DA2CA162819}.Release|iPhone.ActiveCfg = Release|Any CPU
		{BE2A07CD-298E-4CD6-BA0D-6DA2CA162819}.Release|iPhone.Build.0 = Release|Any CPU
		{BE2A07CD-298E-4CD6-BA0D-6DA2CA162819}.Release|iPhone.Deploy.0 = Release|Any CPU
		{BE2A07CD-298E-4CD6-BA0D-6DA2CA162819}.Release|iPhoneSimulator.ActiveCfg = Release|Any CPU
		{BE2A07CD-298E-4CD6-BA0D-6DA2CA162819}.Release|iPhoneSimulator.Build.0 = Release|Any CPU
		{BE2A07CD-298E-4CD6-BA0D-6DA2CA162819}.Release|iPhoneSimulator.Deploy.0 = Release|Any CPU
		{BE2A07CD-298E-4CD6-BA0D-6DA2CA162819}.Release|x64.ActiveCfg = Release|Any CPU
		{BE2A07CD-298E-4CD6-BA0D-6DA2CA162819}.Release|x64.Build.0 = Release|Any CPU
		{BE2A07CD-298E-4CD6-BA0D-6DA2CA162819}.Release|x64.Deploy.0 = Release|Any CPU
		{BE2A07CD-298E-4CD6-BA0D-6DA2CA162819}.Release|x86.ActiveCfg = Release|Any CPU
		{BE2A07CD-298E-4CD6-BA0D-6DA2CA162819}.Release|x86.Build.0 = Release|Any CPU
		{BE2A07CD-298E-4CD6-BA0D-6DA2CA162819}.Release|x86.Deploy.0 = Release|Any CPU
		{7373894D-2600-4B84-9A69-F0345AD85A54}.Ad-Hoc|Any CPU.ActiveCfg = Ad-Hoc|iPhoneSimulator
		{7373894D-2600-4B84-9A69-F0345AD85A54}.Ad-Hoc|ARM.ActiveCfg = Ad-Hoc|iPhone
		{7373894D-2600-4B84-9A69-F0345AD85A54}.Ad-Hoc|iPhone.ActiveCfg = Ad-Hoc|iPhone
		{7373894D-2600-4B84-9A69-F0345AD85A54}.Ad-Hoc|iPhone.Build.0 = Ad-Hoc|iPhone
		{7373894D-2600-4B84-9A69-F0345AD85A54}.Ad-Hoc|iPhoneSimulator.ActiveCfg = Ad-Hoc|iPhoneSimulator
		{7373894D-2600-4B84-9A69-F0345AD85A54}.Ad-Hoc|iPhoneSimulator.Build.0 = Ad-Hoc|iPhoneSimulator
		{7373894D-2600-4B84-9A69-F0345AD85A54}.Ad-Hoc|x64.ActiveCfg = Ad-Hoc|iPhone
		{7373894D-2600-4B84-9A69-F0345AD85A54}.Ad-Hoc|x86.ActiveCfg = Ad-Hoc|iPhone
		{7373894D-2600-4B84-9A69-F0345AD85A54}.AppStore|Any CPU.ActiveCfg = AppStore|iPhoneSimulator
		{7373894D-2600-4B84-9A69-F0345AD85A54}.AppStore|ARM.ActiveCfg = AppStore|iPhone
		{7373894D-2600-4B84-9A69-F0345AD85A54}.AppStore|iPhone.ActiveCfg = AppStore|iPhone
		{7373894D-2600-4B84-9A69-F0345AD85A54}.AppStore|iPhone.Build.0 = AppStore|iPhone
		{7373894D-2600-4B84-9A69-F0345AD85A54}.AppStore|iPhoneSimulator.ActiveCfg = AppStore|iPhoneSimulator
		{7373894D-2600-4B84-9A69-F0345AD85A54}.AppStore|iPhoneSimulator.Build.0 = AppStore|iPhoneSimulator
		{7373894D-2600-4B84-9A69-F0345AD85A54}.AppStore|x64.ActiveCfg = AppStore|iPhone
		{7373894D-2600-4B84-9A69-F0345AD85A54}.AppStore|x86.ActiveCfg = AppStore|iPhone
		{7373894D-2600-4B84-9A69-F0345AD85A54}.Debug|Any CPU.ActiveCfg = Debug|iPhoneSimulator
		{7373894D-2600-4B84-9A69-F0345AD85A54}.Debug|ARM.ActiveCfg = Debug|iPhone
		{7373894D-2600-4B84-9A69-F0345AD85A54}.Debug|iPhone.ActiveCfg = Debug|iPhone
		{7373894D-2600-4B84-9A69-F0345AD85A54}.Debug|iPhone.Build.0 = Debug|iPhone
		{7373894D-2600-4B84-9A69-F0345AD85A54}.Debug|iPhoneSimulator.ActiveCfg = Debug|iPhoneSimulator
		{7373894D-2600-4B84-9A69-F0345AD85A54}.Debug|iPhoneSimulator.Build.0 = Debug|iPhoneSimulator
		{7373894D-2600-4B84-9A69-F0345AD85A54}.Debug|x64.ActiveCfg = Debug|iPhone
		{7373894D-2600-4B84-9A69-F0345AD85A54}.Debug|x86.ActiveCfg = Debug|iPhone
		{7373894D-2600-4B84-9A69-F0345AD85A54}.Release|Any CPU.ActiveCfg = Release|iPhoneSimulator
		{7373894D-2600-4B84-9A69-F0345AD85A54}.Release|ARM.ActiveCfg = Release|iPhone
		{7373894D-2600-4B84-9A69-F0345AD85A54}.Release|iPhone.ActiveCfg = Release|iPhone
		{7373894D-2600-4B84-9A69-F0345AD85A54}.Release|iPhone.Build.0 = Release|iPhone
		{7373894D-2600-4B84-9A69-F0345AD85A54}.Release|iPhoneSimulator.ActiveCfg = Release|iPhoneSimulator
		{7373894D-2600-4B84-9A69-F0345AD85A54}.Release|iPhoneSimulator.Build.0 = Release|iPhoneSimulator
		{7373894D-2600-4B84-9A69-F0345AD85A54}.Release|x64.ActiveCfg = Release|iPhone
		{7373894D-2600-4B84-9A69-F0345AD85A54}.Release|x86.ActiveCfg = Release|iPhone
		{4E0C9DD5-4C37-4076-A7B7-B7E83DA185B9}.Ad-Hoc|Any CPU.ActiveCfg = Release|x86
		{4E0C9DD5-4C37-4076-A7B7-B7E83DA185B9}.Ad-Hoc|Any CPU.Build.0 = Release|x86
		{4E0C9DD5-4C37-4076-A7B7-B7E83DA185B9}.Ad-Hoc|Any CPU.Deploy.0 = Release|x86
		{4E0C9DD5-4C37-4076-A7B7-B7E83DA185B9}.Ad-Hoc|ARM.ActiveCfg = Release|ARM
		{4E0C9DD5-4C37-4076-A7B7-B7E83DA185B9}.Ad-Hoc|ARM.Build.0 = Release|ARM
		{4E0C9DD5-4C37-4076-A7B7-B7E83DA185B9}.Ad-Hoc|ARM.Deploy.0 = Release|ARM
		{4E0C9DD5-4C37-4076-A7B7-B7E83DA185B9}.Ad-Hoc|iPhone.ActiveCfg = Release|x86
		{4E0C9DD5-4C37-4076-A7B7-B7E83DA185B9}.Ad-Hoc|iPhone.Build.0 = Release|x86
		{4E0C9DD5-4C37-4076-A7B7-B7E83DA185B9}.Ad-Hoc|iPhone.Deploy.0 = Release|x86
		{4E0C9DD5-4C37-4076-A7B7-B7E83DA185B9}.Ad-Hoc|iPhoneSimulator.ActiveCfg = Release|x86
		{4E0C9DD5-4C37-4076-A7B7-B7E83DA185B9}.Ad-Hoc|iPhoneSimulator.Build.0 = Release|x86
		{4E0C9DD5-4C37-4076-A7B7-B7E83DA185B9}.Ad-Hoc|iPhoneSimulator.Deploy.0 = Release|x86
		{4E0C9DD5-4C37-4076-A7B7-B7E83DA185B9}.Ad-Hoc|x64.ActiveCfg = Release|x64
		{4E0C9DD5-4C37-4076-A7B7-B7E83DA185B9}.Ad-Hoc|x64.Build.0 = Release|x64
		{4E0C9DD5-4C37-4076-A7B7-B7E83DA185B9}.Ad-Hoc|x64.Deploy.0 = Release|x64
		{4E0C9DD5-4C37-4076-A7B7-B7E83DA185B9}.Ad-Hoc|x86.ActiveCfg = Release|x86
		{4E0C9DD5-4C37-4076-A7B7-B7E83DA185B9}.Ad-Hoc|x86.Build.0 = Release|x86
		{4E0C9DD5-4C37-4076-A7B7-B7E83DA185B9}.Ad-Hoc|x86.Deploy.0 = Release|x86
		{4E0C9DD5-4C37-4076-A7B7-B7E83DA185B9}.AppStore|Any CPU.ActiveCfg = Release|x86
		{4E0C9DD5-4C37-4076-A7B7-B7E83DA185B9}.AppStore|Any CPU.Build.0 = Release|x86
		{4E0C9DD5-4C37-4076-A7B7-B7E83DA185B9}.AppStore|Any CPU.Deploy.0 = Release|x86
		{4E0C9DD5-4C37-4076-A7B7-B7E83DA185B9}.AppStore|ARM.ActiveCfg = Release|ARM
		{4E0C9DD5-4C37-4076-A7B7-B7E83DA185B9}.AppStore|ARM.Build.0 = Release|ARM
		{4E0C9DD5-4C37-4076-A7B7-B7E83DA185B9}.AppStore|ARM.Deploy.0 = Release|ARM
		{4E0C9DD5-4C37-4076-A7B7-B7E83DA185B9}.AppStore|iPhone.ActiveCfg = Release|x86
		{4E0C9DD5-4C37-4076-A7B7-B7E83DA185B9}.AppStore|iPhone.Build.0 = Release|x86
		{4E0C9DD5-4C37-4076-A7B7-B7E83DA185B9}.AppStore|iPhone.Deploy.0 = Release|x86
		{4E0C9DD5-4C37-4076-A7B7-B7E83DA185B9}.AppStore|iPhoneSimulator.ActiveCfg = Release|x86
		{4E0C9DD5-4C37-4076-A7B7-B7E83DA185B9}.AppStore|iPhoneSimulator.Build.0 = Release|x86
		{4E0C9DD5-4C37-4076-A7B7-B7E83DA185B9}.AppStore|iPhoneSimulator.Deploy.0 = Release|x86
		{4E0C9DD5-4C37-4076-A7B7-B7E83DA185B9}.AppStore|x64.ActiveCfg = Release|x64
		{4E0C9DD5-4C37-4076-A7B7-B7E83DA185B9}.AppStore|x64.Build.0 = Release|x64
		{4E0C9DD5-4C37-4076-A7B7-B7E83DA185B9}.AppStore|x64.Deploy.0 = Release|x64
		{4E0C9DD5-4C37-4076-A7B7-B7E83DA185B9}.AppStore|x86.ActiveCfg = Release|x86
		{4E0C9DD5-4C37-4076-A7B7-B7E83DA185B9}.AppStore|x86.Build.0 = Release|x86
		{4E0C9DD5-4C37-4076-A7B7-B7E83DA185B9}.AppStore|x86.Deploy.0 = Release|x86
		{4E0C9DD5-4C37-4076-A7B7-B7E83DA185B9}.Debug|Any CPU.ActiveCfg = Debug|x86
		{4E0C9DD5-4C37-4076-A7B7-B7E83DA185B9}.Debug|ARM.ActiveCfg = Debug|ARM
		{4E0C9DD5-4C37-4076-A7B7-B7E83DA185B9}.Debug|ARM.Build.0 = Debug|ARM
		{4E0C9DD5-4C37-4076-A7B7-B7E83DA185B9}.Debug|ARM.Deploy.0 = Debug|ARM
		{4E0C9DD5-4C37-4076-A7B7-B7E83DA185B9}.Debug|iPhone.ActiveCfg = Debug|x86
		{4E0C9DD5-4C37-4076-A7B7-B7E83DA185B9}.Debug|iPhoneSimulator.ActiveCfg = Debug|x86
		{4E0C9DD5-4C37-4076-A7B7-B7E83DA185B9}.Debug|x64.ActiveCfg = Debug|x64
		{4E0C9DD5-4C37-4076-A7B7-B7E83DA185B9}.Debug|x64.Build.0 = Debug|x64
		{4E0C9DD5-4C37-4076-A7B7-B7E83DA185B9}.Debug|x64.Deploy.0 = Debug|x64
		{4E0C9DD5-4C37-4076-A7B7-B7E83DA185B9}.Debug|x86.ActiveCfg = Debug|x86
		{4E0C9DD5-4C37-4076-A7B7-B7E83DA185B9}.Debug|x86.Build.0 = Debug|x86
		{4E0C9DD5-4C37-4076-A7B7-B7E83DA185B9}.Debug|x86.Deploy.0 = Debug|x86
		{4E0C9DD5-4C37-4076-A7B7-B7E83DA185B9}.Release|Any CPU.ActiveCfg = Release|x86
		{4E0C9DD5-4C37-4076-A7B7-B7E83DA185B9}.Release|ARM.ActiveCfg = Release|ARM
		{4E0C9DD5-4C37-4076-A7B7-B7E83DA185B9}.Release|ARM.Build.0 = Release|ARM
		{4E0C9DD5-4C37-4076-A7B7-B7E83DA185B9}.Release|ARM.Deploy.0 = Release|ARM
		{4E0C9DD5-4C37-4076-A7B7-B7E83DA185B9}.Release|iPhone.ActiveCfg = Release|x86
		{4E0C9DD5-4C37-4076-A7B7-B7E83DA185B9}.Release|iPhoneSimulator.ActiveCfg = Release|x86
		{4E0C9DD5-4C37-4076-A7B7-B7E83DA185B9}.Release|x64.ActiveCfg = Release|x64
		{4E0C9DD5-4C37-4076-A7B7-B7E83DA185B9}.Release|x64.Build.0 = Release|x64
		{4E0C9DD5-4C37-4076-A7B7-B7E83DA185B9}.Release|x64.Deploy.0 = Release|x64
		{4E0C9DD5-4C37-4076-A7B7-B7E83DA185B9}.Release|x86.ActiveCfg = Release|x86
		{4E0C9DD5-4C37-4076-A7B7-B7E83DA185B9}.Release|x86.Build.0 = Release|x86
		{4E0C9DD5-4C37-4076-A7B7-B7E83DA185B9}.Release|x86.Deploy.0 = Release|x86
	EndGlobalSection
	GlobalSection(SolutionProperties) = preSolution
		HideSolutionNode = FALSE
	EndGlobalSection
	GlobalSection(ExtensibilityGlobals) = postSolution
		SolutionGuid = {9DAD9966-3DBF-440B-9B46-4AC9A519A841}
	EndGlobalSection
EndGlobal
